{
  "name": "budget_app",
  "version": "1.0.0",
  "lockfileVersion": 1,
  "requires": true,
  "dependencies": {
    "fittext": {
      "version": "1.0.1",
      "resolved": "https://registry.npmjs.org/fittext/-/fittext-1.0.1.tgz",
      "integrity": "sha1-kX7LGp/eQtyXzBLPwAbn3aW6d5E=",
      "requires": {
        "hyphenation.de": "*"
      }
    },
    "hyphenation.de": {
      "version": "0.2.1",
      "resolved": "https://registry.npmjs.org/hyphenation.de/-/hyphenation.de-0.2.1.tgz",
      "integrity": "sha1-NmtKgFiExE1ZvoUbm/QCzPJOJDQ=",
      "requires": {
        "hypher": "*"
      }
    },
    "hypher": {
      "version": "0.2.5",
      "resolved": "https://registry.npmjs.org/hypher/-/hypher-0.2.5.tgz",
      "integrity": "sha1-L+RW7So/1O0NnkKGFxgcWfmm3QI="
    }
  }
}
